{
  "version": 4,
  "terraform_version": "1.14.5",
  "serial": 3,
  "lineage": "a6c8261a-3a79-72b2-0466-656f065fcd5f",
  "outputs": {
    "cluster_name": {
      "value": "devops-project4-aks",
      "type": "string"
    },
    "resource_group_name": {
      "value": "devops-project4-rg",
      "type": "string"
    }
  },
  "resources": [
    {
      "mode": "managed",
      "type": "azurerm_resource_group",
      "name": "rg",
      "provider": "provider[\"registry.terraform.io/hashicorp/azurerm\"]",
      "instances": [
        {
          "schema_version": 0,
          "attributes": {
            "id": "/subscriptions/a37ca325-d433-44a6-a74d-c0d18fe5a285/resourceGroups/devops-project4-rg",
            "location": "eastus",
            "managed_by": "",
            "name": "devops-project4-rg",
            "tags": {},
            "timeouts": null
          },
          "sensitive_attributes": [],
          "identity_schema_version": 0,
          "private": "eyJlMmJmYjczMC1lY2FhLTExZTYtOGY4OC0zNDM2M2JjN2M0YzAiOnsiY3JlYXRlIjo1NDAwMDAwMDAwMDAwLCJkZWxldGUiOjU0MDAwMDAwMDAwMDAsInJlYWQiOjMwMDAwMDAwMDAwMCwidXBkYXRlIjo1NDAwMDAwMDAwMDAwfX0="
        }
      ]
    }
  ],
  "check_results": null
}
